
Microsoft Visual Studio Solution File, Format Version 12.00
# Visual Studio Version 17
VisualStudioVersion = 17.6.33723.286
MinimumVisualStudioVersion = 10.0.40219.1
Project("{FAE04EC0-301F-11D3-BF4B-00C04F79EFBC}") = "PRN211PE_SU22_DEMO", "PRN211PE_SU22_DEMO\PRN211PE_SU22_DEMO.csproj", "{8B2F63CB-A086-4E0A-9886-218530BC9B2B}"
EndProject
Project("{FAE04EC0-301F-11D3-BF4B-00C04F79EFBC}") = "Repository", "Repository\Repository.csproj", "{724248FF-A054-4FC2-A44C-DBE901A902B2}"
EndProject
Global
	GlobalSection(SolutionConfigurationPlatforms) = preSolution
		Debug|Any CPU = Debug|Any CPU
		Release|Any CPU = Release|Any CPU
	EndGlobalSection
	GlobalSection(ProjectConfigurationPlatforms) = postSolution
		{8B2F63CB-A086-4E0A-9886-218530BC9B2B}.Debug|Any CPU.ActiveCfg = Debug|Any CPU
		{8B2F63CB-A086-4E0A-9886-218530BC9B2B}.Debug|Any CPU.Build.0 = Debug|Any CPU
		{8B2F63CB-A086-4E0A-9886-218530BC9B2B}.Release|Any CPU.ActiveCfg = Release|Any CPU
		{8B2F63CB-A086-4E0A-9886-218530BC9B2B}.Release|Any CPU.Build.0 = Release|Any CPU
		{724248FF-A054-4FC2-A44C-DBE901A902B2}.Debug|Any CPU.ActiveCfg = Debug|Any CPU
		{724248FF-A054-4FC2-A44C-DBE901A902B2}.Debug|Any CPU.Build.0 = Debug|Any CPU
		{724248FF-A054-4FC2-A44C-DBE901A902B2}.Release|Any CPU.ActiveCfg = Release|Any CPU
		{724248FF-A054-4FC2-A44C-DBE901A902B2}.Release|Any CPU.Build.0 = Release|Any CPU
	EndGlobalSection
	GlobalSection(SolutionProperties) = preSolution
		HideSolutionNode = FALSE
	EndGlobalSection
	GlobalSection(ExtensibilityGlobals) = postSolution
		SolutionGuid = {EF54B548-2AF9-491F-938F-048BFE56DAA3}
	EndGlobalSection
EndGlobal
